
Microsoft Visual Studio Solution File, Format Version 12.00
# Visual Studio 15
VisualStudioVersion = 15.0.28307.271
MinimumVisualStudioVersion = 10.0.40219.1
Project("{9A19103F-16F7-4668-BE54-9A1E7A4F7556}") = "SpellCheckerWebApi", "SpellCheckerWebApi\SpellCheckerWebApi.csproj", "{2A0567CF-C7F8-46DB-87BB-A9877DA6D3CE}"
EndProject
Project("{9A19103F-16F7-4668-BE54-9A1E7A4F7556}") = "SpellChecker.Utilities", "SpellChecker.Utilities\SpellChecker.Utilities.csproj", "{B07FCCAA-8E3D-4C79-885E-DE5F3CCA6226}"
EndProject
Project("{9A19103F-16F7-4668-BE54-9A1E7A4F7556}") = "SpellChecker.Core", "SpellChecker.Core\SpellChecker.Core.csproj", "{2A791E5B-5FC6-4FE0-944B-183CC62BC5BD}"
EndProject
Project("{9A19103F-16F7-4668-BE54-9A1E7A4F7556}") = "SpellChecker.Core.UnitTests", "SpellChecker.Core.UnitTests\SpellChecker.Core.UnitTests.csproj", "{01ACACC6-52EA-4BA6-A19A-6B38B14C54C9}"
EndProject
Project("{9A19103F-16F7-4668-BE54-9A1E7A4F7556}") = "SpellChecker.Utilities.UnitTests", "SpellChecker.Utilities.UnitTests\SpellChecker.Utilities.UnitTests.csproj", "{FEB3D4F0-A3A1-410E-8F7F-A0ADF9FF8405}"
EndProject
Project("{9A19103F-16F7-4668-BE54-9A1E7A4F7556}") = "SpellChecker.Repositories", "SpellChecker.Repositories\SpellChecker.Repositories.csproj", "{F1C54B26-DF0A-4306-87B4-65BEE511EB26}"
EndProject
Project("{9092AA53-FB77-4645-B42D-1CCCA6BD08BD}") = "SpellCheckerWebApp", "SpellCheckerWebApp\SpellCheckerWebApp.njsproj", "{6C358514-B479-4921-A3C3-EF69967CEF54}"
EndProject
Global
	GlobalSection(SolutionConfigurationPlatforms) = preSolution
		Debug|Any CPU = Debug|Any CPU
		Release|Any CPU = Release|Any CPU
	EndGlobalSection
	GlobalSection(ProjectConfigurationPlatforms) = postSolution
		{2A0567CF-C7F8-46DB-87BB-A9877DA6D3CE}.Debug|Any CPU.ActiveCfg = Debug|Any CPU
		{2A0567CF-C7F8-46DB-87BB-A9877DA6D3CE}.Debug|Any CPU.Build.0 = Debug|Any CPU
		{2A0567CF-C7F8-46DB-87BB-A9877DA6D3CE}.Release|Any CPU.ActiveCfg = Release|Any CPU
		{2A0567CF-C7F8-46DB-87BB-A9877DA6D3CE}.Release|Any CPU.Build.0 = Release|Any CPU
		{B07FCCAA-8E3D-4C79-885E-DE5F3CCA6226}.Debug|Any CPU.ActiveCfg = Debug|Any CPU
		{B07FCCAA-8E3D-4C79-885E-DE5F3CCA6226}.Debug|Any CPU.Build.0 = Debug|Any CPU
		{B07FCCAA-8E3D-4C79-885E-DE5F3CCA6226}.Release|Any CPU.ActiveCfg = Release|Any CPU
		{B07FCCAA-8E3D-4C79-885E-DE5F3CCA6226}.Release|Any CPU.Build.0 = Release|Any CPU
		{2A791E5B-5FC6-4FE0-944B-183CC62BC5BD}.Debug|Any CPU.ActiveCfg = Debug|Any CPU
		{2A791E5B-5FC6-4FE0-944B-183CC62BC5BD}.Debug|Any CPU.Build.0 = Debug|Any CPU
		{2A791E5B-5FC6-4FE0-944B-183CC62BC5BD}.Release|Any CPU.ActiveCfg = Release|Any CPU
		{2A791E5B-5FC6-4FE0-944B-183CC62BC5BD}.Release|Any CPU.Build.0 = Release|Any CPU
		{01ACACC6-52EA-4BA6-A19A-6B38B14C54C9}.Debug|Any CPU.ActiveCfg = Debug|Any CPU
		{01ACACC6-52EA-4BA6-A19A-6B38B14C54C9}.Debug|Any CPU.Build.0 = Debug|Any CPU
		{01ACACC6-52EA-4BA6-A19A-6B38B14C54C9}.Release|Any CPU.ActiveCfg = Release|Any CPU
		{01ACACC6-52EA-4BA6-A19A-6B38B14C54C9}.Release|Any CPU.Build.0 = Release|Any CPU
		{FEB3D4F0-A3A1-410E-8F7F-A0ADF9FF8405}.Debug|Any CPU.ActiveCfg = Debug|Any CPU
		{FEB3D4F0-A3A1-410E-8F7F-A0ADF9FF8405}.Debug|Any CPU.Build.0 = Debug|Any CPU
		{FEB3D4F0-A3A1-410E-8F7F-A0ADF9FF8405}.Release|Any CPU.ActiveCfg = Release|Any CPU
		{FEB3D4F0-A3A1-410E-8F7F-A0ADF9FF8405}.Release|Any CPU.Build.0 = Release|Any CPU
		{F1C54B26-DF0A-4306-87B4-65BEE511EB26}.Debug|Any CPU.ActiveCfg = Debug|Any CPU
		{F1C54B26-DF0A-4306-87B4-65BEE511EB26}.Debug|Any CPU.Build.0 = Debug|Any CPU
		{F1C54B26-DF0A-4306-87B4-65BEE511EB26}.Release|Any CPU.ActiveCfg = Release|Any CPU
		{F1C54B26-DF0A-4306-87B4-65BEE511EB26}.Release|Any CPU.Build.0 = Release|Any CPU
		{6C358514-B479-4921-A3C3-EF69967CEF54}.Debug|Any CPU.ActiveCfg = Debug|Any CPU
		{6C358514-B479-4921-A3C3-EF69967CEF54}.Debug|Any CPU.Build.0 = Debug|Any CPU
		{6C358514-B479-4921-A3C3-EF69967CEF54}.Release|Any CPU.ActiveCfg = Release|Any CPU
		{6C358514-B479-4921-A3C3-EF69967CEF54}.Release|Any CPU.Build.0 = Release|Any CPU
	EndGlobalSection
	GlobalSection(SolutionProperties) = preSolution
		HideSolutionNode = FALSE
	EndGlobalSection
	GlobalSection(ExtensibilityGlobals) = postSolution
		SolutionGuid = {C9A0F314-01F1-4BBA-9F8F-C40EE3EB84B5}
	EndGlobalSection
EndGlobal
